// !$*UTF8*$!
{
	archiveVersion = 1;
	classes = {
	};
	objectVersion = 46;
	objects = {

/* Begin PBXBuildFile section */
		289A94E01F69C94200FB25AC /* AppDelegate.swift in Sources */ = {isa = PBXBuildFile; fileRef = 289A94DF1F69C94200FB25AC /* AppDelegate.swift */; };
		289A94E21F69C94200FB25AC /* ViewController.swift in Sources */ = {isa = PBXBuildFile; fileRef = 289A94E11F69C94200FB25AC /* ViewController.swift */; };
		289A94E51F69C94200FB25AC /* Main.storyboard in Resources */ = {isa = PBXBuildFile; fileRef = 289A94E31F69C94200FB25AC /* Main.storyboard */; };
		289A94E71F69C94200FB25AC /* Assets.xcassets in Resources */ = {isa = PBXBuildFile; fileRef = 289A94E61F69C94200FB25AC /* Assets.xcassets */; };
		289A94EA1F69C94200FB25AC /* LaunchScreen.storyboard in Resources */ = {isa = PBXBuildFile; fileRef = 289A94E81F69C94200FB25AC /* LaunchScreen.storyboard */; };
/* End PBXBuildFile section */

/* Begin PBXFileReference section */
		289A94DC1F69C94200FB25AC /* Swipe Demo.app */ = {isa = PBXFileReference; explicitFileType = wrapper.application; includeInIndex = 0; path = "Swipe Demo.app"; sourceTree = BUILT_PRODUCTS_DIR; };
		289A94DF1F69C94200FB25AC /* AppDelegate.swift */ = {isa = PBXFileReference; lastKnownFileType = sourcecode.swift; path = AppDelegate.swift; sourceTree = "<group>"; };
		289A94E11F69C94200FB25AC /* ViewController.swift */ = {isa = PBXFileReference; lastKnownFileType = sourcecode.swift; path = ViewController.swift; sourceTree = "<group>"; };
		289A94E41F69C94200FB25AC /* Base */ = {isa = PBXFileReference; lastKnownFileType = file.storyboard; name = Base; path = Base.lproj/Main.storyboard; sourceTree = "<group>"; };
		289A94E61F69C94200FB25AC /* Assets.xcassets */ = {isa = PBXFileReference; lastKnownFileType = folder.assetcatalog; path = Assets.xcassets; sourceTree = "<group>"; };
		289A94E91F69C94200FB25AC /* Base */ = {isa = PBXFileReference; lastKnownFileType = file.storyboard; name = Base; path = Base.lproj/LaunchScreen.storyboard; sourceTree = "<group>"; };
		289A94EB1F69C94200FB25AC /* Info.plist */ = {isa = PBXFileReference; lastKnownFileType = text.plist.xml; path = Info.plist; sourceTree = "<group>"; };
/* End PBXFileReference section */

/* Begin PBXFrameworksBuildPhase section */
		289A94D91F69C94200FB25AC /* Frameworks */ = {
			isa = PBXFrameworksBuildPhase;
			buildActionMask = 2147483647;
			files = (
			);
			runOnlyForDeploymentPostprocessing = 0;
		};
/* End PBXFrameworksBuildPhase section */

/* Begin PBXGroup section */
		289A94D31F69C94200FB25AC = {
			isa = PBXGroup;
			children = (
				289A94DE1F69C94200FB25AC /* Swipe Demo */,
				289A94DD1F69C94200FB25AC /* Products */,
			);
			sourceTree = "<group>";
		};
		289A94DD1F69C94200FB25AC /* Products */ = {
			isa = PBXGroup;
			children = (
				289A94DC1F69C94200FB25AC /* Swipe Demo.app */,
			);
			name = Products;
			sourceTree = "<group>";
		};
		289A94DE1F69C94200FB25AC /* Swipe Demo */ = {
			isa = PBXGroup;
			children = (
				289A94DF1F69C94200FB25AC /* AppDelegate.swift */,
				289A94E11F69C94200FB25AC /* ViewController.swift */,
				289A94E31F69C94200FB25AC /* Main.storyboard */,
				289A94E61F69C94200FB25AC /* Assets.xcassets */,
				289A94E81F69C94200FB25AC /* LaunchScreen.storyboard */,
				289A94EB1F69C94200FB25AC /* Info.plist */,
			);
			path = "Swipe Demo";
			sourceTree = "<group>";
		};
/* End PBXGroup section */

/* Begin PBXNativeTarget section */
		289A94DB1F69C94200FB25AC /* Swipe Demo */ = {
			isa = PBXNativeTarget;
			buildConfigurationList = 289A94EE1F69C94200FB25AC /* Build configuration list for PBXNativeTarget "Swipe Demo" */;
			buildPhases = (
				289A94D81F69C94200FB25AC /* Sources */,
				289A94D91F69C94200FB25AC /* Frameworks */,
				289A94DA1F69C94200FB25AC /* Resources */,
			);
			buildRules = (
			);
			dependencies = (
			);
			name = "Swipe Demo";
			productName = "Swipe Demo";
			productReference = 289A94DC1F69C94200FB25AC /* Swipe Demo.app */;
			productType = "com.apple.product-type.application";
		};
/* End PBXNativeTarget section */

/* Begin PBXProject section */
		289A94D41F69C94200FB25AC /* Project object */ = {
			isa = PBXProject;
			attributes = {
				LastSwiftUpdateCheck = 0830;
				LastUpgradeCheck = 0830;
				ORGANIZATIONNAME = "Hien Le";
				TargetAttributes = {
					289A94DB1F69C94200FB25AC = {
						CreatedOnToolsVersion = 8.3.3;
						DevelopmentTeam = RAJ5QAXJPD;
						ProvisioningStyle = Automatic;
					};
				};
			};
			buildConfigurationList = 289A94D71F69C94200FB25AC /* Build configuration list for PBXProject "Swipe Demo" */;
			compatibilityVersion = "Xcode 3.2";
			developmentRegion = English;
			hasScannedForEncodings = 0;
			knownRegions = (
				en,
				Base,
			);
			mainGroup = 289A94D31F69C94200FB25AC;
			productRefGroup = 289A94DD1F69C94200FB25AC /* Products */;
			projectDirPath = "";
			projectRoot = "";
			targets = (
				289A94DB1F69C94200FB25AC /* Swipe Demo */,
			);
		};
/* End PBXProject section */

/* Begin PBXResourcesBuildPhase section */
		289A94DA1F69C94200FB25AC /* Resources */ = {
			isa = PBXResourcesBuildPhase;
			buildActionMask = 2147483647;
			files = (
				289A94EA1F69C94200FB25AC /* LaunchScreen.storyboard in Resources */,
				289A94E71F69C94200FB25AC /* Assets.xcassets in Resources */,
				289A94E51F69C94200FB25AC /* Main.storyboard in Resources */,
			);
			runOnlyForDeploymentPostprocessing = 0;
		};
/* End PBXResourcesBuildPhase section */

/* Begin PBXSourcesBuildPhase section */
		289A94D81F69C94200FB25AC /* Sources */ = {
			isa = PBXSourcesBuildPhase;
			buildActionMask = 2147483647;
			files = (
				289A94E21F69C94200FB25AC /* ViewController.swift in Sources */,
				289A94E01F69C94200FB25AC /* AppDelegate.swift in Sources */,
			);
			runOnlyForDeploymentPostprocessing = 0;
		};
/* End PBXSourcesBuildPhase section */

/* Begin PBXVariantGroup section */
		289A94E31F69C94200FB25AC /* Main.storyboard */ = {
			isa = PBXVariantGroup;
			children = (
				289A94E41F69C94200FB25AC /* Base */,
			);
			name = Main.storyboard;
			sourceTree = "<group>";
		};
		289A94E81F69C94200FB25AC /* LaunchScreen.storyboard */ = {
			isa = PBXVariantGroup;
			children = (
				289A94E91F69C94200FB25AC /* Base */,
			);
			name = LaunchScreen.storyboard;
			sourceTree = "<group>";
		};
/* End PBXVariantGroup section */

/* Begin XCBuildConfiguration section */
		289A94EC1F69C94200FB25AC /* Debug */ = {
			isa = XCBuildConfiguration;
			buildSettings = {
				ALWAYS_SEARCH_USER_PATHS = NO;
				CLANG_ANALYZER_NONNULL = YES;
				CLANG_ANALYZER_NUMBER_OBJECT_CONVERSION = YES_AGGRESSIVE;
				CLANG_CXX_LANGUAGE_STANDARD = "gnu++0x";
				CLANG_CXX_LIBRARY = "libc++";
				CLANG_ENABLE_MODULES = YES;
				CLANG_ENABLE_OBJC_ARC = YES;
				CLANG_WARN_BOOL_CONVERSION = YES;
				CLANG_WARN_CONSTANT_CONVERSION = YES;
				CLANG_WARN_DIRECT_OBJC_ISA_USAGE = YES_ERROR;
				CLANG_WARN_DOCUMENTATION_COMMENTS = YES;
				CLANG_WARN_EMPTY_BODY = YES;
				CLANG_WARN_ENUM_CONVERSION = YES;
				CLANG_WARN_INFINITE_RECURSION = YES;
				CLANG_WARN_INT_CONVERSION = YES;
				CLANG_WARN_OBJC_ROOT_CLASS = YES_ERROR;
				CLANG_WARN_SUSPICIOUS_MOVE = YES;
				CLANG_WARN_UNREACHABLE_CODE = YES;
				CLANG_WARN__DUPLICATE_METHOD_MATCH = YES;
				"CODE_SIGN_IDENTITY[sdk=iphoneos*]" = "iPhone Developer";
				COPY_PHASE_STRIP = NO;
				DEBUG_INFORMATION_FORMAT = dwarf;
				ENABLE_STRICT_OBJC_MSGSEND = YES;
				ENABLE_TESTABILITY = YES;
				GCC_C_LANGUAGE_STANDARD = gnu99;
				GCC_DYNAMIC_NO_PIC = NO;
				GCC_NO_COMMON_BLOCKS = YES;
				GCC_OPTIMIZATION_LEVEL = 0;
				GCC_PREPROCESSOR_DEFINITIONS = (
					"DEBUG=1",
					"$(inherited)",
				);
				GCC_WARN_64_TO_32_BIT_CONVERSION = YES;
				GCC_WARN_ABOUT_RETURN_TYPE = YES_ERROR;
				GCC_WARN_UNDECLARED_SELECTOR = YES;
				GCC_WARN_UNINITIALIZED_AUTOS = YES_AGGRESSIVE;
				GCC_WARN_UNUSED_FUNCTION = YES;
				GCC_WARN_UNUSED_VARIABLE = YES;
				IPHONEOS_DEPLOYMENT_TARGET = 10.3;
				MTL_ENABLE_DEBUG_INFO = YES;
				ONLY_ACTIVE_ARCH = YES;
				SDKROOT = iphoneos;
				SWIFT_ACTIVE_COMPILATION_CONDITIONS = DEBUG;
				SWIFT_OPTIMIZATION_LEVEL = "-Onone";
				TARGETED_DEVICE_FAMILY = "1,2";
			};
			name = Debug;
		};
		289A94ED1F69C94200FB25AC /* Release */ = {
			isa = XCBuildConfiguration;
			buildSettings = {
				ALWAYS_SEARCH_USER_PATHS = NO;
				CLANG_ANALYZER_NONNULL = YES;
				CLANG_ANALYZER_NUMBER_OBJECT_CONVERSION = YES_AGGRESSIVE;
				CLANG_CXX_LANGUAGE_STANDARD = "gnu++0x";
				CLANG_CXX_LIBRARY = "libc++";
				CLANG_ENABLE_MODULES = YES;
				CLANG_ENABLE_OBJC_ARC = YES;
				CLANG_WARN_BOOL_CONVERSION = YES;
				CLANG_WARN_CONSTANT_CONVERSION = YES;
				CLANG_WARN_DIRECT_OBJC_ISA_USAGE = YES_ERROR;
				CLANG_WARN_DOCUMENTATION_COMMENTS = YES;
				CLANG_WARN_EMPTY_BODY = YES;
				CLANG_WARN_ENUM_CONVERSION = YES;
				CLANG_WARN_INFINITE_RECURSION = YES;
				CLANG_WARN_INT_CONVERSION = YES;
				CLANG_WARN_OBJC_ROOT_CLASS = YES_ERROR;
				CLANG_WARN_SUSPICIOUS_MOVE = YES;
				CLANG_WARN_UNREACHABLE_CODE = YES;
				CLANG_WARN__DUPLICATE_METHOD_MATCH = YES;
				"CODE_SIGN_IDENTITY[sdk=iphoneos*]" = "iPhone Developer";
				COPY_PHASE_STRIP = NO;
				DEBUG_INFORMATION_FORMAT = "dwarf-with-dsym";
				ENABLE_NS_ASSERTIONS = NO;
				ENABLE_STRICT_OBJC_MSGSEND = YES;
				GCC_C_LANGUAGE_STANDARD = gnu99;
				GCC_NO_COMMON_BLOCKS = YES;
				GCC_WARN_64_TO_32_BIT_CONVERSION = YES;
				GCC_WARN_ABOUT_RETURN_TYPE = YES_ERROR;
				GCC_WARN_UNDECLARED_SELECTOR = YES;
				GCC_WARN_UNINITIALIZED_AUTOS = YES_AGGRESSIVE;
				GCC_WARN_UNUSED_FUNCTION = YES;
				GCC_WARN_UNUSED_VARIABLE = YES;
				IPHONEOS_DEPLOYMENT_TARGET = 10.3;
				MTL_ENABLE_DEBUG_INFO = NO;
				SDKROOT = iphoneos;
				SWIFT_OPTIMIZATION_LEVEL = "-Owholemodule";
				TARGETED_DEVICE_FAMILY = "1,2";
				VALIDATE_PRODUCT = YES;
			};
			name = Release;
		};
		289A94EF1F69C94200FB25AC /* Debug */ = {
			isa = XCBuildConfiguration;
			buildSettings = {
				ASSETCATALOG_COMPILER_APPICON_NAME = AppIcon;
				DEVELOPMENT_TEAM = RAJ5QAXJPD;
				INFOPLIST_FILE = "Swipe Demo/Info.plist";
				LD_RUNPATH_SEARCH_PATHS = "$(inherited) @executable_path/Frameworks";
				PRODUCT_BUNDLE_IDENTIFIER = "Northwest.Swipe-Demo";
				PRODUCT_NAME = "$(TARGET_NAME)";
				SWIFT_VERSION = 3.0;
			};
			name = Debug;
		};
		289A94F01F69C94200FB25AC /* Release */ = {
			isa = XCBuildConfiguration;
			buildSettings = {
				ASSETCATALOG_COMPILER_APPICON_NAME = AppIcon;
				DEVELOPMENT_TEAM = RAJ5QAXJPD;
				INFOPLIST_FILE = "Swipe Demo/Info.plist";
				LD_RUNPATH_SEARCH_PATHS = "$(inherited) @executable_path/Frameworks";
				PRODUCT_BUNDLE_IDENTIFIER = "Northwest.Swipe-Demo";
				PRODUCT_NAME = "$(TARGET_NAME)";
				SWIFT_VERSION = 3.0;
			};
			name = Release;
		};
/* End XCBuildConfiguration section */

/* Begin XCConfigurationList section */
		289A94D71F69C94200FB25AC /* Build configuration list for PBXProject "Swipe Demo" */ = {
			isa = XCConfigurationList;
			buildConfigurations = (
				289A94EC1F69C94200FB25AC /* Debug */,
				289A94ED1F69C94200FB25AC /* Release */,
			);
			defaultConfigurationIsVisible = 0;
			defaultConfigurationName = Release;
		};
		289A94EE1F69C94200FB25AC /* Build configuration list for PBXNativeTarget "Swipe Demo" */ = {
			isa = XCConfigurationList;
			buildConfigurations = (
				289A94EF1F69C94200FB25AC /* Debug */,
				289A94F01F69C94200FB25AC /* Release */,
			);
			defaultConfigurationIsVisible = 0;
		};
/* End XCConfigurationList section */
	};
	rootObject = 289A94D41F69C94200FB25AC /* Project object */;
}
